// !$*UTF8*$!
{
	archiveVersion = 1;
	classes = {
	};
	objectVersion = 56;
	objects = {

/* Begin PBXBuildFile section */
		2E9324102BED2EB400FD5E85 /* Assets.xcassets in Resources */ = {isa = PBXBuildFile; fileRef = 2E93240F2BED2EB400FD5E85 /* Assets.xcassets */; };
		2E9324132BED2EB400FD5E85 /* Preview Assets.xcassets in Resources */ = {isa = PBXBuildFile; fileRef = 2E9324122BED2EB400FD5E85 /* Preview Assets.xcassets */; };
		2E93241E2BED2F2A00FD5E85 /* TabataView.swift in Sources */ = {isa = PBXBuildFile; fileRef = 2E93241D2BED2F2A00FD5E85 /* TabataView.swift */; };
		2E9324202BED2F4400FD5E85 /* HomeView.swift in Sources */ = {isa = PBXBuildFile; fileRef = 2E93241F2BED2F4400FD5E85 /* HomeView.swift */; };
		2E9324222BED2F5200FD5E85 /* AmrapView.swift in Sources */ = {isa = PBXBuildFile; fileRef = 2E9324212BED2F5200FD5E85 /* AmrapView.swift */; };
		2E9324242BED2F6600FD5E85 /* ForTimeView.swift in Sources */ = {isa = PBXBuildFile; fileRef = 2E9324232BED2F6600FD5E85 /* ForTimeView.swift */; };
		2E9324262BED2FC500FD5E85 /* CrossfitTimerApp.swift in Sources */ = {isa = PBXBuildFile; fileRef = 2E9324252BED2FC500FD5E85 /* CrossfitTimerApp.swift */; };
		2E9324282BED30D700FD5E85 /* EmomView.swift in Sources */ = {isa = PBXBuildFile; fileRef = 2E9324272BED30D700FD5E85 /* EmomView.swift */; };
		2E93242A2BEFA32700FD5E85 /* CelebrationView.swift in Sources */ = {isa = PBXBuildFile; fileRef = 2E9324292BEFA32700FD5E85 /* CelebrationView.swift */; };
		2E93242C2BF2D89500FD5E85 /* TabataSettingsView.swift in Sources */ = {isa = PBXBuildFile; fileRef = 2E93242B2BF2D89500FD5E85 /* TabataSettingsView.swift */; };
		2E9324352BF5335F00FD5E85 /* roundEnd.mp3 in Resources */ = {isa = PBXBuildFile; fileRef = 2E9324342BF5335F00FD5E85 /* roundEnd.mp3 */; };
		2E9324372BF5336B00FD5E85 /* workoutEnd.mp3 in Resources */ = {isa = PBXBuildFile; fileRef = 2E9324362BF5336B00FD5E85 /* workoutEnd.mp3 */; };
/* End PBXBuildFile section */

/* Begin PBXFileReference section */
		2E9324082BED2EB200FD5E85 /* CrossfitTimer.app */ = {isa = PBXFileReference; explicitFileType = wrapper.application; includeInIndex = 0; path = CrossfitTimer.app; sourceTree = BUILT_PRODUCTS_DIR; };
		2E93240F2BED2EB400FD5E85 /* Assets.xcassets */ = {isa = PBXFileReference; lastKnownFileType = folder.assetcatalog; path = Assets.xcassets; sourceTree = "<group>"; };
		2E9324122BED2EB400FD5E85 /* Preview Assets.xcassets */ = {isa = PBXFileReference; lastKnownFileType = folder.assetcatalog; path = "Preview Assets.xcassets"; sourceTree = "<group>"; };
		2E93241D2BED2F2A00FD5E85 /* TabataView.swift */ = {isa = PBXFileReference; lastKnownFileType = sourcecode.swift; path = TabataView.swift; sourceTree = "<group>"; };
		2E93241F2BED2F4400FD5E85 /* HomeView.swift */ = {isa = PBXFileReference; lastKnownFileType = sourcecode.swift; path = HomeView.swift; sourceTree = "<group>"; };
		2E9324212BED2F5200FD5E85 /* AmrapView.swift */ = {isa = PBXFileReference; lastKnownFileType = sourcecode.swift; path = AmrapView.swift; sourceTree = "<group>"; };
		2E9324232BED2F6600FD5E85 /* ForTimeView.swift */ = {isa = PBXFileReference; lastKnownFileType = sourcecode.swift; path = ForTimeView.swift; sourceTree = "<group>"; };
		2E9324252BED2FC500FD5E85 /* CrossfitTimerApp.swift */ = {isa = PBXFileReference; lastKnownFileType = sourcecode.swift; path = CrossfitTimerApp.swift; sourceTree = "<group>"; };
		2E9324272BED30D700FD5E85 /* EmomView.swift */ = {isa = PBXFileReference; lastKnownFileType = sourcecode.swift; path = EmomView.swift; sourceTree = "<group>"; };
		2E9324292BEFA32700FD5E85 /* CelebrationView.swift */ = {isa = PBXFileReference; lastKnownFileType = sourcecode.swift; path = CelebrationView.swift; sourceTree = "<group>"; };
		2E93242B2BF2D89500FD5E85 /* TabataSettingsView.swift */ = {isa = PBXFileReference; lastKnownFileType = sourcecode.swift; path = TabataSettingsView.swift; sourceTree = "<group>"; };
		2E9324342BF5335F00FD5E85 /* roundEnd.mp3 */ = {isa = PBXFileReference; lastKnownFileType = audio.mp3; path = roundEnd.mp3; sourceTree = "<group>"; };
		2E9324362BF5336B00FD5E85 /* workoutEnd.mp3 */ = {isa = PBXFileReference; lastKnownFileType = audio.mp3; path = workoutEnd.mp3; sourceTree = "<group>"; };
/* End PBXFileReference section */

/* Begin PBXFrameworksBuildPhase section */
		2E9324052BED2EB200FD5E85 /* Frameworks */ = {
			isa = PBXFrameworksBuildPhase;
			buildActionMask = 2147483647;
			files = (
			);
			runOnlyForDeploymentPostprocessing = 0;
		};
/* End PBXFrameworksBuildPhase section */

/* Begin PBXGroup section */
		2E9323FF2BED2EB200FD5E85 = {
			isa = PBXGroup;
			children = (
				2E93240A2BED2EB200FD5E85 /* CrossfitTimer */,
				2E9324092BED2EB200FD5E85 /* Products */,
			);
			sourceTree = "<group>";
		};
		2E9324092BED2EB200FD5E85 /* Products */ = {
			isa = PBXGroup;
			children = (
				2E9324082BED2EB200FD5E85 /* CrossfitTimer.app */,
			);
			name = Products;
			sourceTree = "<group>";
		};
		2E93240A2BED2EB200FD5E85 /* CrossfitTimer */ = {
			isa = PBXGroup;
			children = (
				2E93241A2BED2EE000FD5E85 /* App */,
				2E9324192BED2EC300FD5E85 /* Core */,
				2E93240F2BED2EB400FD5E85 /* Assets.xcassets */,
				2E9324112BED2EB400FD5E85 /* Preview Content */,
			);
			path = CrossfitTimer;
			sourceTree = "<group>";
		};
		2E9324112BED2EB400FD5E85 /* Preview Content */ = {
			isa = PBXGroup;
			children = (
				2E9324122BED2EB400FD5E85 /* Preview Assets.xcassets */,
				2E9324342BF5335F00FD5E85 /* roundEnd.mp3 */,
				2E9324362BF5336B00FD5E85 /* workoutEnd.mp3 */,
			);
			path = "Preview Content";
			sourceTree = "<group>";
		};
		2E9324192BED2EC300FD5E85 /* Core */ = {
			isa = PBXGroup;
			children = (
				2E93241B2BED2EEF00FD5E85 /* Home */,
			);
			path = Core;
			sourceTree = "<group>";
		};
		2E93241A2BED2EE000FD5E85 /* App */ = {
			isa = PBXGroup;
			children = (
				2E9324252BED2FC500FD5E85 /* CrossfitTimerApp.swift */,
			);
			path = App;
			sourceTree = "<group>";
		};
		2E93241B2BED2EEF00FD5E85 /* Home */ = {
			isa = PBXGroup;
			children = (
				2E93241C2BED2EFF00FD5E85 /* Views */,
			);
			path = Home;
			sourceTree = "<group>";
		};
		2E93241C2BED2EFF00FD5E85 /* Views */ = {
			isa = PBXGroup;
			children = (
				2E93241D2BED2F2A00FD5E85 /* TabataView.swift */,
				2E93241F2BED2F4400FD5E85 /* HomeView.swift */,
				2E9324212BED2F5200FD5E85 /* AmrapView.swift */,
				2E9324232BED2F6600FD5E85 /* ForTimeView.swift */,
				2E9324272BED30D700FD5E85 /* EmomView.swift */,
				2E9324292BEFA32700FD5E85 /* CelebrationView.swift */,
				2E93242B2BF2D89500FD5E85 /* TabataSettingsView.swift */,
			);
			path = Views;
			sourceTree = "<group>";
		};
/* End PBXGroup section */

/* Begin PBXNativeTarget section */
		2E9324072BED2EB200FD5E85 /* CrossfitTimer */ = {
			isa = PBXNativeTarget;
			buildConfigurationList = 2E9324162BED2EB400FD5E85 /* Build configuration list for PBXNativeTarget "CrossfitTimer" */;
			buildPhases = (
				2E9324042BED2EB200FD5E85 /* Sources */,
				2E9324052BED2EB200FD5E85 /* Frameworks */,
				2E9324062BED2EB200FD5E85 /* Resources */,
			);
			buildRules = (
			);
			dependencies = (
			);
			name = CrossfitTimer;
			productName = CrossfitTimer;
			productReference = 2E9324082BED2EB200FD5E85 /* CrossfitTimer.app */;
			productType = "com.apple.product-type.application";
		};
/* End PBXNativeTarget section */

/* Begin PBXProject section */
		2E9324002BED2EB200FD5E85 /* Project object */ = {
			isa = PBXProject;
			attributes = {
				BuildIndependentTargetsInParallel = 1;
				LastSwiftUpdateCheck = 1530;
				LastUpgradeCheck = 1530;
				TargetAttributes = {
					2E9324072BED2EB200FD5E85 = {
						CreatedOnToolsVersion = 15.3;
					};
				};
			};
			buildConfigurationList = 2E9324032BED2EB200FD5E85 /* Build configuration list for PBXProject "CrossfitTimer" */;
			compatibilityVersion = "Xcode 14.0";
			developmentRegion = en;
			hasScannedForEncodings = 0;
			knownRegions = (
				en,
				Base,
			);
			mainGroup = 2E9323FF2BED2EB200FD5E85;
			productRefGroup = 2E9324092BED2EB200FD5E85 /* Products */;
			projectDirPath = "";
			projectRoot = "";
			targets = (
				2E9324072BED2EB200FD5E85 /* CrossfitTimer */,
			);
		};
/* End PBXProject section */

/* Begin PBXResourcesBuildPhase section */
		2E9324062BED2EB200FD5E85 /* Resources */ = {
			isa = PBXResourcesBuildPhase;
			buildActionMask = 2147483647;
			files = (
				2E9324352BF5335F00FD5E85 /* roundEnd.mp3 in Resources */,
				2E9324132BED2EB400FD5E85 /* Preview Assets.xcassets in Resources */,
				2E9324372BF5336B00FD5E85 /* workoutEnd.mp3 in Resources */,
				2E9324102BED2EB400FD5E85 /* Assets.xcassets in Resources */,
			);
			runOnlyForDeploymentPostprocessing = 0;
		};
/* End PBXResourcesBuildPhase section */

/* Begin PBXSourcesBuildPhase section */
		2E9324042BED2EB200FD5E85 /* Sources */ = {
			isa = PBXSourcesBuildPhase;
			buildActionMask = 2147483647;
			files = (
				2E9324242BED2F6600FD5E85 /* ForTimeView.swift in Sources */,
				2E9324282BED30D700FD5E85 /* EmomView.swift in Sources */,
				2E93242A2BEFA32700FD5E85 /* CelebrationView.swift in Sources */,
				2E93242C2BF2D89500FD5E85 /* TabataSettingsView.swift in Sources */,
				2E9324202BED2F4400FD5E85 /* HomeView.swift in Sources */,
				2E93241E2BED2F2A00FD5E85 /* TabataView.swift in Sources */,
				2E9324222BED2F5200FD5E85 /* AmrapView.swift in Sources */,
				2E9324262BED2FC500FD5E85 /* CrossfitTimerApp.swift in Sources */,
			);
			runOnlyForDeploymentPostprocessing = 0;
		};
/* End PBXSourcesBuildPhase section */

/* Begin XCBuildConfiguration section */
		2E9324142BED2EB400FD5E85 /* Debug */ = {
			isa = XCBuildConfiguration;
			buildSettings = {
				ALWAYS_SEARCH_USER_PATHS = NO;
				ASSETCATALOG_COMPILER_GENERATE_SWIFT_ASSET_SYMBOL_EXTENSIONS = YES;
				CLANG_ANALYZER_NONNULL = YES;
				CLANG_ANALYZER_NUMBER_OBJECT_CONVERSION = YES_AGGRESSIVE;
				CLANG_CXX_LANGUAGE_STANDARD = "gnu++20";
				CLANG_ENABLE_MODULES = YES;
				CLANG_ENABLE_OBJC_ARC = YES;
				CLANG_ENABLE_OBJC_WEAK = YES;
				CLANG_WARN_BLOCK_CAPTURE_AUTORELEASING = YES;
				CLANG_WARN_BOOL_CONVERSION = YES;
				CLANG_WARN_COMMA = YES;
				CLANG_WARN_CONSTANT_CONVERSION = YES;
				CLANG_WARN_DEPRECATED_OBJC_IMPLEMENTATIONS = YES;
				CLANG_WARN_DIRECT_OBJC_ISA_USAGE = YES_ERROR;
				CLANG_WARN_DOCUMENTATION_COMMENTS = YES;
				CLANG_WARN_EMPTY_BODY = YES;
				CLANG_WARN_ENUM_CONVERSION = YES;
				CLANG_WARN_INFINITE_RECURSION = YES;
				CLANG_WARN_INT_CONVERSION = YES;
				CLANG_WARN_NON_LITERAL_NULL_CONVERSION = YES;
				CLANG_WARN_OBJC_IMPLICIT_RETAIN_SELF = YES;
				CLANG_WARN_OBJC_LITERAL_CONVERSION = YES;
				CLANG_WARN_OBJC_ROOT_CLASS = YES_ERROR;
				CLANG_WARN_QUOTED_INCLUDE_IN_FRAMEWORK_HEADER = YES;
				CLANG_WARN_RANGE_LOOP_ANALYSIS = YES;
				CLANG_WARN_STRICT_PROTOTYPES = YES;
				CLANG_WARN_SUSPICIOUS_MOVE = YES;
				CLANG_WARN_UNGUARDED_AVAILABILITY = YES_AGGRESSIVE;
				CLANG_WARN_UNREACHABLE_CODE = YES;
				CLANG_WARN__DUPLICATE_METHOD_MATCH = YES;
				COPY_PHASE_STRIP = NO;
				DEBUG_INFORMATION_FORMAT = dwarf;
				ENABLE_STRICT_OBJC_MSGSEND = YES;
				ENABLE_TESTABILITY = YES;
				ENABLE_USER_SCRIPT_SANDBOXING = YES;
				GCC_C_LANGUAGE_STANDARD = gnu17;
				GCC_DYNAMIC_NO_PIC = NO;
				GCC_NO_COMMON_BLOCKS = YES;
				GCC_OPTIMIZATION_LEVEL = 0;
				GCC_PREPROCESSOR_DEFINITIONS = (
					"DEBUG=1",
					"$(inherited)",
				);
				GCC_WARN_64_TO_32_BIT_CONVERSION = YES;
				GCC_WARN_ABOUT_RETURN_TYPE = YES_ERROR;
				GCC_WARN_UNDECLARED_SELECTOR = YES;
				GCC_WARN_UNINITIALIZED_AUTOS = YES_AGGRESSIVE;
				GCC_WARN_UNUSED_FUNCTION = YES;
				GCC_WARN_UNUSED_VARIABLE = YES;
				IPHONEOS_DEPLOYMENT_TARGET = 17.4;
				LOCALIZATION_PREFERS_STRING_CATALOGS = YES;
				MTL_ENABLE_DEBUG_INFO = INCLUDE_SOURCE;
				MTL_FAST_MATH = YES;
				ONLY_ACTIVE_ARCH = YES;
				SDKROOT = iphoneos;
				SWIFT_ACTIVE_COMPILATION_CONDITIONS = "DEBUG $(inherited)";
				SWIFT_OPTIMIZATION_LEVEL = "-Onone";
			};
			name = Debug;
		};
		2E9324152BED2EB400FD5E85 /* Release */ = {
			isa = XCBuildConfiguration;
			buildSettings = {
				ALWAYS_SEARCH_USER_PATHS = NO;
				ASSETCATALOG_COMPILER_GENERATE_SWIFT_ASSET_SYMBOL_EXTENSIONS = YES;
				CLANG_ANALYZER_NONNULL = YES;
				CLANG_ANALYZER_NUMBER_OBJECT_CONVERSION = YES_AGGRESSIVE;
				CLANG_CXX_LANGUAGE_STANDARD = "gnu++20";
				CLANG_ENABLE_MODULES = YES;
				CLANG_ENABLE_OBJC_ARC = YES;
				CLANG_ENABLE_OBJC_WEAK = YES;
				CLANG_WARN_BLOCK_CAPTURE_AUTORELEASING = YES;
				CLANG_WARN_BOOL_CONVERSION = YES;
				CLANG_WARN_COMMA = YES;
				CLANG_WARN_CONSTANT_CONVERSION = YES;
				CLANG_WARN_DEPRECATED_OBJC_IMPLEMENTATIONS = YES;
				CLANG_WARN_DIRECT_OBJC_ISA_USAGE = YES_ERROR;
				CLANG_WARN_DOCUMENTATION_COMMENTS = YES;
				CLANG_WARN_EMPTY_BODY = YES;
				CLANG_WARN_ENUM_CONVERSION = YES;
				CLANG_WARN_INFINITE_RECURSION = YES;
				CLANG_WARN_INT_CONVERSION = YES;
				CLANG_WARN_NON_LITERAL_NULL_CONVERSION = YES;
				CLANG_WARN_OBJC_IMPLICIT_RETAIN_SELF = YES;
				CLANG_WARN_OBJC_LITERAL_CONVERSION = YES;
				CLANG_WARN_OBJC_ROOT_CLASS = YES_ERROR;
				CLANG_WARN_QUOTED_INCLUDE_IN_FRAMEWORK_HEADER = YES;
				CLANG_WARN_RANGE_LOOP_ANALYSIS = YES;
				CLANG_WARN_STRICT_PROTOTYPES = YES;
				CLANG_WARN_SUSPICIOUS_MOVE = YES;
				CLANG_WARN_UNGUARDED_AVAILABILITY = YES_AGGRESSIVE;
				CLANG_WARN_UNREACHABLE_CODE = YES;
				CLANG_WARN__DUPLICATE_METHOD_MATCH = YES;
				COPY_PHASE_STRIP = NO;
				DEBUG_INFORMATION_FORMAT = "dwarf-with-dsym";
				ENABLE_NS_ASSERTIONS = NO;
				ENABLE_STRICT_OBJC_MSGSEND = YES;
				ENABLE_USER_SCRIPT_SANDBOXING = YES;
				GCC_C_LANGUAGE_STANDARD = gnu17;
				GCC_NO_COMMON_BLOCKS = YES;
				GCC_WARN_64_TO_32_BIT_CONVERSION = YES;
				GCC_WARN_ABOUT_RETURN_TYPE = YES_ERROR;
				GCC_WARN_UNDECLARED_SELECTOR = YES;
				GCC_WARN_UNINITIALIZED_AUTOS = YES_AGGRESSIVE;
				GCC_WARN_UNUSED_FUNCTION = YES;
				GCC_WARN_UNUSED_VARIABLE = YES;
				IPHONEOS_DEPLOYMENT_TARGET = 17.4;
				LOCALIZATION_PREFERS_STRING_CATALOGS = YES;
				MTL_ENABLE_DEBUG_INFO = NO;
				MTL_FAST_MATH = YES;
				SDKROOT = iphoneos;
				SWIFT_COMPILATION_MODE = wholemodule;
				VALIDATE_PRODUCT = YES;
			};
			name = Release;
		};
		2E9324172BED2EB400FD5E85 /* Debug */ = {
			isa = XCBuildConfiguration;
			buildSettings = {
				ASSETCATALOG_COMPILER_APPICON_NAME = AppIcon;
				ASSETCATALOG_COMPILER_GLOBAL_ACCENT_COLOR_NAME = AccentColor;
				CODE_SIGN_STYLE = Automatic;
				CURRENT_PROJECT_VERSION = 1;
				DEVELOPMENT_ASSET_PATHS = "\"CrossfitTimer/Preview Content\"";
				DEVELOPMENT_TEAM = V668KYT3Q5;
				ENABLE_PREVIEWS = YES;
				GENERATE_INFOPLIST_FILE = YES;
				INFOPLIST_KEY_UIApplicationSceneManifest_Generation = YES;
				INFOPLIST_KEY_UIApplicationSupportsIndirectInputEvents = YES;
				INFOPLIST_KEY_UILaunchScreen_Generation = YES;
				INFOPLIST_KEY_UISupportedInterfaceOrientations_iPad = "UIInterfaceOrientationPortrait UIInterfaceOrientationPortraitUpsideDown UIInterfaceOrientationLandscapeLeft UIInterfaceOrientationLandscapeRight";
				INFOPLIST_KEY_UISupportedInterfaceOrientations_iPhone = "UIInterfaceOrientationPortrait UIInterfaceOrientationLandscapeLeft UIInterfaceOrientationLandscapeRight";
				LD_RUNPATH_SEARCH_PATHS = (
					"$(inherited)",
					"@executable_path/Frameworks",
				);
				MARKETING_VERSION = 1.0;
				PRODUCT_BUNDLE_IDENTIFIER = com.kostas.CrossfitTimer;
				PRODUCT_NAME = "$(TARGET_NAME)";
				SWIFT_EMIT_LOC_STRINGS = YES;
				SWIFT_VERSION = 5.0;
				TARGETED_DEVICE_FAMILY = "1,2";
			};
			name = Debug;
		};
		2E9324182BED2EB400FD5E85 /* Release */ = {
			isa = XCBuildConfiguration;
			buildSettings = {
				ASSETCATALOG_COMPILER_APPICON_NAME = AppIcon;
				ASSETCATALOG_COMPILER_GLOBAL_ACCENT_COLOR_NAME = AccentColor;
				CODE_SIGN_STYLE = Automatic;
				CURRENT_PROJECT_VERSION = 1;
				DEVELOPMENT_ASSET_PATHS = "\"CrossfitTimer/Preview Content\"";
				DEVELOPMENT_TEAM = V668KYT3Q5;
				ENABLE_PREVIEWS = YES;
				GENERATE_INFOPLIST_FILE = YES;
				INFOPLIST_KEY_UIApplicationSceneManifest_Generation = YES;
				INFOPLIST_KEY_UIApplicationSupportsIndirectInputEvents = YES;
				INFOPLIST_KEY_UILaunchScreen_Generation = YES;
				INFOPLIST_KEY_UISupportedInterfaceOrientations_iPad = "UIInterfaceOrientationPortrait UIInterfaceOrientationPortraitUpsideDown UIInterfaceOrientationLandscapeLeft UIInterfaceOrientationLandscapeRight";
				INFOPLIST_KEY_UISupportedInterfaceOrientations_iPhone = "UIInterfaceOrientationPortrait UIInterfaceOrientationLandscapeLeft UIInterfaceOrientationLandscapeRight";
				LD_RUNPATH_SEARCH_PATHS = (
					"$(inherited)",
					"@executable_path/Frameworks",
				);
				MARKETING_VERSION = 1.0;
				PRODUCT_BUNDLE_IDENTIFIER = com.kostas.CrossfitTimer;
				PRODUCT_NAME = "$(TARGET_NAME)";
				SWIFT_EMIT_LOC_STRINGS = YES;
				SWIFT_VERSION = 5.0;
				TARGETED_DEVICE_FAMILY = "1,2";
			};
			name = Release;
		};
/* End XCBuildConfiguration section */

/* Begin XCConfigurationList section */
		2E9324032BED2EB200FD5E85 /* Build configuration list for PBXProject "CrossfitTimer" */ = {
			isa = XCConfigurationList;
			buildConfigurations = (
				2E9324142BED2EB400FD5E85 /* Debug */,
				2E9324152BED2EB400FD5E85 /* Release */,
			);
			defaultConfigurationIsVisible = 0;
			defaultConfigurationName = Release;
		};
		2E9324162BED2EB400FD5E85 /* Build configuration list for PBXNativeTarget "CrossfitTimer" */ = {
			isa = XCConfigurationList;
			buildConfigurations = (
				2E9324172BED2EB400FD5E85 /* Debug */,
				2E9324182BED2EB400FD5E85 /* Release */,
			);
			defaultConfigurationIsVisible = 0;
			defaultConfigurationName = Release;
		};
/* End XCConfigurationList section */
	};
	rootObject = 2E9324002BED2EB200FD5E85 /* Project object */;
}
